# This file is automatically @generated by Cargo.
# It is not intended for manual editing.
version = 3

[[package]]
name = "deque"
version = "0.1.0"

[[package]]
name = "linked_list"
version = "0.1.0"

[[package]]
name = "queue"
version = "0.1.0"

[[package]]
name = "recursion"
version = "0.1.0"
dependencies = [
 "stack",
]

[[package]]
name = "searching"
version = "0.1.0"

[[package]]
name = "stack"
version = "0.1.0"

[[package]]
name = "vec"
version = "0.1.0"
dependencies = [
 "linked_list",
]
